{
	"name": "vscode-languageserver",
	"version": "10.0.0-next.3",
	"lockfileVersion": 3,
	"requires": true,
	"packages": {
		"": {
			"name": "vscode-languageserver",
			"version": "10.0.0-next.3",
			"hasInstallScript": true,
			"license": "MIT",
			"dependencies": {
				"vscode-languageserver-protocol": "3.17.6-next.4"
			},
			"bin": {
				"installServerIntoExtension": "bin/installServerIntoExtension"
			},
			"devDependencies": {
				"typescript": "^5.2.2",
				"vscode-languageserver-textdocument": "1.0.11"
			}
		},
		"node_modules/typescript": {
			"version": "5.4.5",
			"resolved": "https://registry.npmjs.org/typescript/-/typescript-5.4.5.tgz",
			"integrity": "sha512-vcI4UpRgg81oIRUFwR0WSIHKt11nJ7SAVlYNIu+QpqeyXP+gpQJy/Z4+F0aGxSE4MqwjyXvW/TzgkLAx2AGHwQ==",
			"dev": true,
			"bin": {
				"tsc": "bin/tsc",
				"tsserver": "bin/tsserver"
			},
			"engines": {
				"node": ">=14.17"
			}
		},
		"node_modules/vscode-jsonrpc": {
			"version": "9.0.0-next.2",
			"resolved": "https://registry.npmjs.org/vscode-jsonrpc/-/vscode-jsonrpc-9.0.0-next.2.tgz",
			"integrity": "sha512-meIaXAgChCHzWy45QGU8YpCNyqnZQ/sYeCj32OLDDbUYsCF7AvgpdXx3nnZn9yzr8ed0Od9bW+NGphEmXsqvIQ==",
			"license": "MIT",
			"engines": {
				"node": ">=14.0.0"
			}
		},
		"node_modules/vscode-languageserver-protocol": {
			"version": "3.17.6-next.4",
			"resolved": "https://registry.npmjs.org/vscode-languageserver-protocol/-/vscode-languageserver-protocol-3.17.6-next.4.tgz",
			"integrity": "sha512-/2bleKBxZLyRObS4mkpaWlVI9xGiUqMVmh/ztZ2vL4uP2XyIpraT45JBpn9AtXr0alqKJPKLuKr+/qcYULvm/w==",
			"license": "MIT",
			"dependencies": {
				"vscode-jsonrpc": "9.0.0-next.2",
				"vscode-languageserver-types": "3.17.6-next.3"
			}
		},
		"node_modules/vscode-languageserver-textdocument": {
			"version": "1.0.11",
			"resolved": "https://registry.npmjs.org/vscode-languageserver-textdocument/-/vscode-languageserver-textdocument-1.0.11.tgz",
			"integrity": "sha512-X+8T3GoiwTVlJbicx/sIAF+yuJAqz8VvwJyoMVhwEMoEKE/fkDmrqUgDMyBECcM2A2frVZIUj5HI/ErRXCfOeA==",
			"dev": true,
			"license": "MIT"
		},
		"node_modules/vscode-languageserver-types": {
			"version": "3.17.6-next.3",
			"resolved": "https://registry.npmjs.org/vscode-languageserver-types/-/vscode-languageserver-types-3.17.6-next.3.tgz",
			"integrity": "sha512-l5kNFXFRQGuzriXpuBqFpRmkf6f6A4VoU3h95OsVkqIOoi1k7KbwSo600cIdsKSJWrPg/+vX+QMPcMw1oI7ItA==",
			"license": "MIT"
		}
	}
}
